
Microsoft Visual Studio Solution File, Format Version 12.00
# Visual Studio Version 17
VisualStudioVersion = 17.8.34330.188
MinimumVisualStudioVersion = 10.0.40219.1
Project("{FAE04EC0-301F-11D3-BF4B-00C04F79EFBC}") = "RealEstate_API", "RealEstate_API\RealEstate_API.csproj", "{2F1A12AA-79ED-4E65-9BD6-85A6E9782F77}"
EndProject
Project("{FAE04EC0-301F-11D3-BF4B-00C04F79EFBC}") = "RealEstate_UI", "RealEstate_UI\RealEstate_UI.csproj", "{0B359825-AAF9-4F9C-B451-8F9AE9A2660D}"
EndProject
Global
	GlobalSection(SolutionConfigurationPlatforms) = preSolution
		Debug|Any CPU = Debug|Any CPU
		Release|Any CPU = Release|Any CPU
	EndGlobalSection
	GlobalSection(ProjectConfigurationPlatforms) = postSolution
		{2F1A12AA-79ED-4E65-9BD6-85A6E9782F77}.Debug|Any CPU.ActiveCfg = Debug|Any CPU
		{2F1A12AA-79ED-4E65-9BD6-85A6E9782F77}.Debug|Any CPU.Build.0 = Debug|Any CPU
		{2F1A12AA-79ED-4E65-9BD6-85A6E9782F77}.Release|Any CPU.ActiveCfg = Release|Any CPU
		{2F1A12AA-79ED-4E65-9BD6-85A6E9782F77}.Release|Any CPU.Build.0 = Release|Any CPU
		{0B359825-AAF9-4F9C-B451-8F9AE9A2660D}.Debug|Any CPU.ActiveCfg = Debug|Any CPU
		{0B359825-AAF9-4F9C-B451-8F9AE9A2660D}.Debug|Any CPU.Build.0 = Debug|Any CPU
		{0B359825-AAF9-4F9C-B451-8F9AE9A2660D}.Release|Any CPU.ActiveCfg = Release|Any CPU
		{0B359825-AAF9-4F9C-B451-8F9AE9A2660D}.Release|Any CPU.Build.0 = Release|Any CPU
	EndGlobalSection
	GlobalSection(SolutionProperties) = preSolution
		HideSolutionNode = FALSE
	EndGlobalSection
	GlobalSection(ExtensibilityGlobals) = postSolution
		SolutionGuid = {EBE7F98A-1043-429B-8121-4DD1018992F1}
	EndGlobalSection
EndGlobal
